# This file is automatically @generated by Cargo.
# It is not intended for manual editing.
[[package]]
name = "globals"
version = "1.0.2"
dependencies = [
 "once_cell 1.5.2 (registry+https://github.com/rust-lang/crates.io-index)",
 "spin 0.5.2 (registry+https://github.com/rust-lang/crates.io-index)",
]

[[package]]
name = "once_cell"
version = "1.5.2"
source = "registry+https://github.com/rust-lang/crates.io-index"

[[package]]
name = "spin"
version = "0.5.2"
source = "registry+https://github.com/rust-lang/crates.io-index"

[metadata]
"checksum once_cell 1.5.2 (registry+https://github.com/rust-lang/crates.io-index)" = "13bd41f508810a131401606d54ac32a467c97172d74ba7662562ebba5ad07fa0"
"checksum spin 0.5.2 (registry+https://github.com/rust-lang/crates.io-index)" = "6e63cff320ae2c57904679ba7cb63280a3dc4613885beafb148ee7bf9aa9042d"
